# auto-generated by grc.converter

id: mixalot_flexencode
label: PDU-driven POCSAG/FLEX Encoder
category: '[mixalot]'

inputs:
-   domain: message
    id: beeps
    optional: true

outputs:
-   domain: stream
    dtype: byte
    vlen: 1
-   domain: message
    id: beeps_output
    optional: true
-   domain: message
    id: cmds_out
    optional: true

templates:
    imports: import gnuradio.mixalot as mixalot
    make: mixalot.flexencode()

file_format: 1
