# auto-generated by grc.converter

id: mixalot_pocencode
label: Single-Page POCSAG Xmit
category: '[mixalot]'

parameters:
-   id: type
    label: Message Type
    dtype: enum
    options: ['0', '1']
    option_labels: [Numeric, Alphanumeric]
-   id: baudrate
    label: Baud Rate
    dtype: int
-   id: capcode
    label: Capcode
    dtype: int
-   id: msg
    label: Message
    dtype: string
-   id: symrate
    label: Symbol Rate
    dtype: real

outputs:
-   domain: stream
    dtype: byte
    vlen: 1

templates:
    imports: import gnuradio.mixalot as mixalot
    make: mixalot.pocencode(${type}, ${baudrate}, ${capcode}, ${msg}, ${symrate})

file_format: 1
